
Microsoft Visual Studio Solution File, Format Version 12.00
# Visual Studio 2013
VisualStudioVersion = 12.0.40629.0
MinimumVisualStudioVersion = 10.0.40219.1
Project("{FAE04EC0-301F-11D3-BF4B-00C04F79EFBC}") = "School scheduler", "School scheduler\School scheduler.csproj", "{879D5C7D-E861-40A6-80BC-7BDC043CA64D}"
EndProject
Project("{2150E333-8FDC-42A3-9474-1A3956D46DE8}") = "SchoolScheduler", "SchoolScheduler", "{7E568BAF-5A4A-4319-B26A-F3D312157281}"
EndProject
Project("{2150E333-8FDC-42A3-9474-1A3956D46DE8}") = "Tests", "Tests", "{D2E995A2-BE29-4448-ACFF-38C2FCC2EF60}"
	ProjectSection(SolutionItems) = preProject
		UnitTest\SqlTest_Playlist.playlist = UnitTest\SqlTest_Playlist.playlist
	EndProjectSection
EndProject
Project("{2150E333-8FDC-42A3-9474-1A3956D46DE8}") = "FunctionalTests", "FunctionalTests", "{8A15BC79-980C-4008-9D56-857F8C57D061}"
EndProject
Project("{FAE04EC0-301F-11D3-BF4B-00C04F79EFBC}") = "Modules", "Modules\Modules.csproj", "{5F9012EF-705D-4E00-8FD8-E0D4941754F2}"
EndProject
Project("{FAE04EC0-301F-11D3-BF4B-00C04F79EFBC}") = "Controlers", "Controlers\Controlers.csproj", "{6E5048E5-990C-4C3D-A255-2CC344FA4AFE}"
EndProject
Project("{FAE04EC0-301F-11D3-BF4B-00C04F79EFBC}") = "Views", "Views\Views.csproj", "{24608643-C71B-4D6A-AD2F-D917E89D5779}"
EndProject
Project("{FAE04EC0-301F-11D3-BF4B-00C04F79EFBC}") = "ViewModels", "ViewModel\ViewModels.csproj", "{D932C038-F1EE-4286-B3BE-193ACA1AB53F}"
EndProject
Project("{FAE04EC0-301F-11D3-BF4B-00C04F79EFBC}") = "UnitTest", "UnitTest\UnitTest.csproj", "{07FB6984-C5AD-4C8D-97B5-BDB124B21312}"
EndProject
Global
	GlobalSection(SolutionConfigurationPlatforms) = preSolution
		Debug|Any CPU = Debug|Any CPU
		Release|Any CPU = Release|Any CPU
	EndGlobalSection
	GlobalSection(ProjectConfigurationPlatforms) = postSolution
		{879D5C7D-E861-40A6-80BC-7BDC043CA64D}.Debug|Any CPU.ActiveCfg = Debug|Any CPU
		{879D5C7D-E861-40A6-80BC-7BDC043CA64D}.Debug|Any CPU.Build.0 = Debug|Any CPU
		{879D5C7D-E861-40A6-80BC-7BDC043CA64D}.Release|Any CPU.ActiveCfg = Release|Any CPU
		{879D5C7D-E861-40A6-80BC-7BDC043CA64D}.Release|Any CPU.Build.0 = Release|Any CPU
		{5F9012EF-705D-4E00-8FD8-E0D4941754F2}.Debug|Any CPU.ActiveCfg = Debug|Any CPU
		{5F9012EF-705D-4E00-8FD8-E0D4941754F2}.Debug|Any CPU.Build.0 = Debug|Any CPU
		{5F9012EF-705D-4E00-8FD8-E0D4941754F2}.Release|Any CPU.ActiveCfg = Release|Any CPU
		{5F9012EF-705D-4E00-8FD8-E0D4941754F2}.Release|Any CPU.Build.0 = Release|Any CPU
		{6E5048E5-990C-4C3D-A255-2CC344FA4AFE}.Debug|Any CPU.ActiveCfg = Debug|Any CPU
		{6E5048E5-990C-4C3D-A255-2CC344FA4AFE}.Debug|Any CPU.Build.0 = Debug|Any CPU
		{6E5048E5-990C-4C3D-A255-2CC344FA4AFE}.Release|Any CPU.ActiveCfg = Release|Any CPU
		{6E5048E5-990C-4C3D-A255-2CC344FA4AFE}.Release|Any CPU.Build.0 = Release|Any CPU
		{24608643-C71B-4D6A-AD2F-D917E89D5779}.Debug|Any CPU.ActiveCfg = Debug|Any CPU
		{24608643-C71B-4D6A-AD2F-D917E89D5779}.Debug|Any CPU.Build.0 = Debug|Any CPU
		{24608643-C71B-4D6A-AD2F-D917E89D5779}.Release|Any CPU.ActiveCfg = Release|Any CPU
		{24608643-C71B-4D6A-AD2F-D917E89D5779}.Release|Any CPU.Build.0 = Release|Any CPU
		{D932C038-F1EE-4286-B3BE-193ACA1AB53F}.Debug|Any CPU.ActiveCfg = Debug|Any CPU
		{D932C038-F1EE-4286-B3BE-193ACA1AB53F}.Debug|Any CPU.Build.0 = Debug|Any CPU
		{D932C038-F1EE-4286-B3BE-193ACA1AB53F}.Release|Any CPU.ActiveCfg = Release|Any CPU
		{D932C038-F1EE-4286-B3BE-193ACA1AB53F}.Release|Any CPU.Build.0 = Release|Any CPU
		{07FB6984-C5AD-4C8D-97B5-BDB124B21312}.Debug|Any CPU.ActiveCfg = Debug|Any CPU
		{07FB6984-C5AD-4C8D-97B5-BDB124B21312}.Debug|Any CPU.Build.0 = Debug|Any CPU
		{07FB6984-C5AD-4C8D-97B5-BDB124B21312}.Release|Any CPU.ActiveCfg = Release|Any CPU
		{07FB6984-C5AD-4C8D-97B5-BDB124B21312}.Release|Any CPU.Build.0 = Release|Any CPU
	EndGlobalSection
	GlobalSection(SolutionProperties) = preSolution
		HideSolutionNode = FALSE
	EndGlobalSection
	GlobalSection(NestedProjects) = preSolution
		{879D5C7D-E861-40A6-80BC-7BDC043CA64D} = {7E568BAF-5A4A-4319-B26A-F3D312157281}
		{8A15BC79-980C-4008-9D56-857F8C57D061} = {D2E995A2-BE29-4448-ACFF-38C2FCC2EF60}
		{5F9012EF-705D-4E00-8FD8-E0D4941754F2} = {7E568BAF-5A4A-4319-B26A-F3D312157281}
		{6E5048E5-990C-4C3D-A255-2CC344FA4AFE} = {7E568BAF-5A4A-4319-B26A-F3D312157281}
		{24608643-C71B-4D6A-AD2F-D917E89D5779} = {7E568BAF-5A4A-4319-B26A-F3D312157281}
		{D932C038-F1EE-4286-B3BE-193ACA1AB53F} = {7E568BAF-5A4A-4319-B26A-F3D312157281}
		{07FB6984-C5AD-4C8D-97B5-BDB124B21312} = {D2E995A2-BE29-4448-ACFF-38C2FCC2EF60}
	EndGlobalSection
EndGlobal
